
Microsoft Visual Studio Solution File, Format Version 12.00
Project("{FAE04EC0-301F-11D3-BF4B-00C04F79EFBC}") = "Pub", "Pub\Pub.csproj", "{F0F421F1-4D31-4029-AF8E-A3991056972B}"
EndProject
Project("{FAE04EC0-301F-11D3-BF4B-00C04F79EFBC}") = "Sub", "Sub\Sub.csproj", "{2F0B1C96-E999-4403-A0BA-8A7A92AF0993}"
EndProject
Project("{FAE04EC0-301F-11D3-BF4B-00C04F79EFBC}") = "Masta", "Masta\Masta.csproj", "{BA966835-2C2C-47F7-A77B-FDD30DB0E604}"
EndProject
Global
	GlobalSection(SolutionConfigurationPlatforms) = preSolution
		Debug|Any CPU = Debug|Any CPU
		Release|Any CPU = Release|Any CPU
	EndGlobalSection
	GlobalSection(ProjectConfigurationPlatforms) = postSolution
		{F0F421F1-4D31-4029-AF8E-A3991056972B}.Debug|Any CPU.ActiveCfg = Debug|Any CPU
		{F0F421F1-4D31-4029-AF8E-A3991056972B}.Debug|Any CPU.Build.0 = Debug|Any CPU
		{F0F421F1-4D31-4029-AF8E-A3991056972B}.Release|Any CPU.ActiveCfg = Release|Any CPU
		{F0F421F1-4D31-4029-AF8E-A3991056972B}.Release|Any CPU.Build.0 = Release|Any CPU
		{2F0B1C96-E999-4403-A0BA-8A7A92AF0993}.Debug|Any CPU.ActiveCfg = Debug|Any CPU
		{2F0B1C96-E999-4403-A0BA-8A7A92AF0993}.Debug|Any CPU.Build.0 = Debug|Any CPU
		{2F0B1C96-E999-4403-A0BA-8A7A92AF0993}.Release|Any CPU.ActiveCfg = Release|Any CPU
		{2F0B1C96-E999-4403-A0BA-8A7A92AF0993}.Release|Any CPU.Build.0 = Release|Any CPU
		{BA966835-2C2C-47F7-A77B-FDD30DB0E604}.Debug|Any CPU.ActiveCfg = Debug|Any CPU
		{BA966835-2C2C-47F7-A77B-FDD30DB0E604}.Debug|Any CPU.Build.0 = Debug|Any CPU
		{BA966835-2C2C-47F7-A77B-FDD30DB0E604}.Release|Any CPU.ActiveCfg = Release|Any CPU
		{BA966835-2C2C-47F7-A77B-FDD30DB0E604}.Release|Any CPU.Build.0 = Release|Any CPU
	EndGlobalSection
EndGlobal
